PODS:
  - Bolts-Swift (1.1.0)
  - Bolts/Tasks (1.7.0)
  - GoogleMaps (1.13.2)
  - Parse (1.13.0):
    - Bolts/Tasks (~> 1.6)
  - ParseLiveQuery (1.0.1):
    - Bolts-Swift
    - Parse
    - SocketRocket
  - SocketRocket (0.5.1)

DEPENDENCIES:
  - GoogleMaps
  - Parse
  - ParseLiveQuery

SPEC CHECKSUMS:
  Bolts: a0058fa3b331c5a1e4402d534f2dae36dbff31e4
  Bolts-Swift: 63ef77f967f795415531da45eef419eab79ec730
  GoogleMaps: b20a103ff307f58392e603cf142e59d7e30374c1
  Parse: f51c24d2feb412e4b2d6cc73d37cb24e8d0089bc
  ParseLiveQuery: d0eb2528cdc5e3e2f836741b0a6db828c7e41307
  SocketRocket: d57c7159b83c3c6655745cd15302aa24b6bae531

PODFILE CHECKSUM: c00898f9756cd2893409df57e8218c7a5c19b47d

COCOAPODS: 1.0.0
